
Microsoft Visual Studio Solution File, Format Version 12.00
# Visual Studio Version 17
VisualStudioVersion = 17.8.34309.116
MinimumVisualStudioVersion = 10.0.40219.1
Project("{888888A0-9F3D-457C-B088-3A5042F75D52}") = "client", "client\client.pyproj", "{80F1B424-7805-48E1-B7DA-9AE65EC04241}"
EndProject
Project("{888888A0-9F3D-457C-B088-3A5042F75D52}") = "MailClient", "MailClient\MailClient.pyproj", "{DD750148-D56F-4F6F-9197-0F9DAF836228}"
EndProject
Global
	GlobalSection(SolutionConfigurationPlatforms) = preSolution
		Debug|Any CPU = Debug|Any CPU
		Release|Any CPU = Release|Any CPU
	EndGlobalSection
	GlobalSection(ProjectConfigurationPlatforms) = postSolution
		{80F1B424-7805-48E1-B7DA-9AE65EC04241}.Debug|Any CPU.ActiveCfg = Debug|Any CPU
		{80F1B424-7805-48E1-B7DA-9AE65EC04241}.Release|Any CPU.ActiveCfg = Release|Any CPU
		{DD750148-D56F-4F6F-9197-0F9DAF836228}.Debug|Any CPU.ActiveCfg = Debug|Any CPU
		{DD750148-D56F-4F6F-9197-0F9DAF836228}.Release|Any CPU.ActiveCfg = Release|Any CPU
	EndGlobalSection
	GlobalSection(SolutionProperties) = preSolution
		HideSolutionNode = FALSE
	EndGlobalSection
	GlobalSection(ExtensibilityGlobals) = postSolution
		SolutionGuid = {B1C35306-C14C-4C07-9CC2-BBC719A756B8}
	EndGlobalSection
EndGlobal
